// !$*UTF8*$!
{
	archiveVersion = 1;
	classes = {
	};
	objectVersion = 56;
	objects = {

/* Begin PBXBuildFile section */
		3702CCCD2C76A7CB00037E72 /* Main.swift in Sources */ = {isa = PBXBuildFile; fileRef = 3702CCCC2C76A7CB00037E72 /* Main.swift */; };
		3702CCCF2C76A7CB00037E72 /* Root.swift in Sources */ = {isa = PBXBuildFile; fileRef = 3702CCCE2C76A7CB00037E72 /* Root.swift */; };
		3702CCD12C76A7CD00037E72 /* Assets.xcassets in Resources */ = {isa = PBXBuildFile; fileRef = 3702CCD02C76A7CD00037E72 /* Assets.xcassets */; };
		3702CCD52C76A7CD00037E72 /* Preview Assets.xcassets in Resources */ = {isa = PBXBuildFile; fileRef = 3702CCD42C76A7CD00037E72 /* Preview Assets.xcassets */; };
		3702CCDE2C77773100037E72 /* Label.swift in Sources */ = {isa = PBXBuildFile; fileRef = 3702CCDD2C77773000037E72 /* Label.swift */; };
		3702CCE02C77778C00037E72 /* Container.swift in Sources */ = {isa = PBXBuildFile; fileRef = 3702CCDF2C77778C00037E72 /* Container.swift */; };
		3702CCE22C7777F700037E72 /* Component.swift in Sources */ = {isa = PBXBuildFile; fileRef = 3702CCE12C7777F700037E72 /* Component.swift */; };
		3702CCE42C77876100037E72 /* Bridge.swift in Sources */ = {isa = PBXBuildFile; fileRef = 3702CCE32C77876000037E72 /* Bridge.swift */; };
		372D1B592C77EF3500589EB2 /* Constants.swift in Sources */ = {isa = PBXBuildFile; fileRef = 372D1B582C77EF3500589EB2 /* Constants.swift */; };
		372D1B5C2C77F24100589EB2 /* LaunchScreen.storyboard in Resources */ = {isa = PBXBuildFile; fileRef = 372D1B5B2C77F24100589EB2 /* LaunchScreen.storyboard */; };
		3B449DF32C7ACB6700F68EBA /* Divider.swift in Sources */ = {isa = PBXBuildFile; fileRef = 3B449DF22C7ACB6700F68EBA /* Divider.swift */; };
		3B7E64F92C7A1C1F00EBB252 /* Shared.swift in Sources */ = {isa = PBXBuildFile; fileRef = 3B7E64F82C7A1C1F00EBB252 /* Shared.swift */; };
		3B7E64FB2C7A5A5200EBB252 /* Space.swift in Sources */ = {isa = PBXBuildFile; fileRef = 3B7E64FA2C7A5A5200EBB252 /* Space.swift */; };
/* End PBXBuildFile section */

/* Begin PBXFileReference section */
		3702CCC92C76A7CB00037E72 /* ObjectionApp.app */ = {isa = PBXFileReference; explicitFileType = wrapper.application; includeInIndex = 0; path = ObjectionApp.app; sourceTree = BUILT_PRODUCTS_DIR; };
		3702CCCC2C76A7CB00037E72 /* Main.swift */ = {isa = PBXFileReference; lastKnownFileType = sourcecode.swift; path = Main.swift; sourceTree = "<group>"; };
		3702CCCE2C76A7CB00037E72 /* Root.swift */ = {isa = PBXFileReference; lastKnownFileType = sourcecode.swift; path = Root.swift; sourceTree = "<group>"; };
		3702CCD02C76A7CD00037E72 /* Assets.xcassets */ = {isa = PBXFileReference; lastKnownFileType = folder.assetcatalog; path = Assets.xcassets; sourceTree = "<group>"; };
		3702CCD22C76A7CD00037E72 /* ObjectionApp.entitlements */ = {isa = PBXFileReference; lastKnownFileType = text.plist.entitlements; path = ObjectionApp.entitlements; sourceTree = "<group>"; };
		3702CCD42C76A7CD00037E72 /* Preview Assets.xcassets */ = {isa = PBXFileReference; lastKnownFileType = folder.assetcatalog; path = "Preview Assets.xcassets"; sourceTree = "<group>"; };
		3702CCDD2C77773000037E72 /* Label.swift */ = {isa = PBXFileReference; lastKnownFileType = sourcecode.swift; path = Label.swift; sourceTree = "<group>"; };
		3702CCDF2C77778C00037E72 /* Container.swift */ = {isa = PBXFileReference; lastKnownFileType = sourcecode.swift; path = Container.swift; sourceTree = "<group>"; };
		3702CCE12C7777F700037E72 /* Component.swift */ = {isa = PBXFileReference; lastKnownFileType = sourcecode.swift; path = Component.swift; sourceTree = "<group>"; };
		3702CCE32C77876000037E72 /* Bridge.swift */ = {isa = PBXFileReference; lastKnownFileType = sourcecode.swift; path = Bridge.swift; sourceTree = "<group>"; };
		372D1B582C77EF3500589EB2 /* Constants.swift */ = {isa = PBXFileReference; lastKnownFileType = sourcecode.swift; path = Constants.swift; sourceTree = "<group>"; };
		372D1B5A2C77F01B00589EB2 /* Info.plist */ = {isa = PBXFileReference; lastKnownFileType = text.plist.xml; path = Info.plist; sourceTree = "<group>"; };
		372D1B5B2C77F24100589EB2 /* LaunchScreen.storyboard */ = {isa = PBXFileReference; lastKnownFileType = file.storyboard; path = LaunchScreen.storyboard; sourceTree = "<group>"; };
		3B449DF22C7ACB6700F68EBA /* Divider.swift */ = {isa = PBXFileReference; lastKnownFileType = sourcecode.swift; path = Divider.swift; sourceTree = "<group>"; };
		3B7E64F82C7A1C1F00EBB252 /* Shared.swift */ = {isa = PBXFileReference; lastKnownFileType = sourcecode.swift; path = Shared.swift; sourceTree = "<group>"; };
		3B7E64FA2C7A5A5200EBB252 /* Space.swift */ = {isa = PBXFileReference; lastKnownFileType = sourcecode.swift; path = Space.swift; sourceTree = "<group>"; };
/* End PBXFileReference section */

/* Begin PBXFrameworksBuildPhase section */
		3702CCC62C76A7CB00037E72 /* Frameworks */ = {
			isa = PBXFrameworksBuildPhase;
			buildActionMask = 2147483647;
			files = (
			);
			runOnlyForDeploymentPostprocessing = 0;
		};
/* End PBXFrameworksBuildPhase section */

/* Begin PBXGroup section */
		3702CCC02C76A7CB00037E72 = {
			isa = PBXGroup;
			children = (
				3702CCCB2C76A7CB00037E72 /* ObjectionApp */,
				3702CCCA2C76A7CB00037E72 /* Products */,
			);
			sourceTree = "<group>";
		};
		3702CCCA2C76A7CB00037E72 /* Products */ = {
			isa = PBXGroup;
			children = (
				3702CCC92C76A7CB00037E72 /* ObjectionApp.app */,
			);
			name = Products;
			sourceTree = "<group>";
		};
		3702CCCB2C76A7CB00037E72 /* ObjectionApp */ = {
			isa = PBXGroup;
			children = (
				372D1B5A2C77F01B00589EB2 /* Info.plist */,
				3702CCCC2C76A7CB00037E72 /* Main.swift */,
				3702CCCE2C76A7CB00037E72 /* Root.swift */,
				372D1B582C77EF3500589EB2 /* Constants.swift */,
				3702CCE32C77876000037E72 /* Bridge.swift */,
				3702CCE12C7777F700037E72 /* Component.swift */,
				3702CCDF2C77778C00037E72 /* Container.swift */,
				3B449DF22C7ACB6700F68EBA /* Divider.swift */,
				3B7E64F82C7A1C1F00EBB252 /* Shared.swift */,
				3702CCDD2C77773000037E72 /* Label.swift */,
				3B7E64FA2C7A5A5200EBB252 /* Space.swift */,
				3702CCD02C76A7CD00037E72 /* Assets.xcassets */,
				372D1B5B2C77F24100589EB2 /* LaunchScreen.storyboard */,
				3702CCD22C76A7CD00037E72 /* ObjectionApp.entitlements */,
				3702CCD32C76A7CD00037E72 /* Preview Content */,
			);
			path = ObjectionApp;
			sourceTree = "<group>";
		};
		3702CCD32C76A7CD00037E72 /* Preview Content */ = {
			isa = PBXGroup;
			children = (
				3702CCD42C76A7CD00037E72 /* Preview Assets.xcassets */,
			);
			path = "Preview Content";
			sourceTree = "<group>";
		};
/* End PBXGroup section */

/* Begin PBXNativeTarget section */
		3702CCC82C76A7CB00037E72 /* ObjectionApp */ = {
			isa = PBXNativeTarget;
			buildConfigurationList = 3702CCD82C76A7CD00037E72 /* Build configuration list for PBXNativeTarget "ObjectionApp" */;
			buildPhases = (
				3702CCC52C76A7CB00037E72 /* Sources */,
				3702CCC62C76A7CB00037E72 /* Frameworks */,
				3702CCC72C76A7CB00037E72 /* Resources */,
			);
			buildRules = (
			);
			dependencies = (
			);
			name = ObjectionApp;
			productName = ObjectionApp;
			productReference = 3702CCC92C76A7CB00037E72 /* ObjectionApp.app */;
			productType = "com.apple.product-type.application";
		};
/* End PBXNativeTarget section */

/* Begin PBXProject section */
		3702CCC12C76A7CB00037E72 /* Project object */ = {
			isa = PBXProject;
			attributes = {
				BuildIndependentTargetsInParallel = 1;
				LastSwiftUpdateCheck = 1540;
				LastUpgradeCheck = 1540;
				TargetAttributes = {
					3702CCC82C76A7CB00037E72 = {
						CreatedOnToolsVersion = 15.4;
					};
				};
			};
			buildConfigurationList = 3702CCC42C76A7CB00037E72 /* Build configuration list for PBXProject "ObjectionApp" */;
			compatibilityVersion = "Xcode 14.0";
			developmentRegion = en;
			hasScannedForEncodings = 0;
			knownRegions = (
				en,
				Base,
			);
			mainGroup = 3702CCC02C76A7CB00037E72;
			productRefGroup = 3702CCCA2C76A7CB00037E72 /* Products */;
			projectDirPath = "";
			projectRoot = "";
			targets = (
				3702CCC82C76A7CB00037E72 /* ObjectionApp */,
			);
		};
/* End PBXProject section */

/* Begin PBXResourcesBuildPhase section */
		3702CCC72C76A7CB00037E72 /* Resources */ = {
			isa = PBXResourcesBuildPhase;
			buildActionMask = 2147483647;
			files = (
				372D1B5C2C77F24100589EB2 /* LaunchScreen.storyboard in Resources */,
				3702CCD52C76A7CD00037E72 /* Preview Assets.xcassets in Resources */,
				3702CCD12C76A7CD00037E72 /* Assets.xcassets in Resources */,
			);
			runOnlyForDeploymentPostprocessing = 0;
		};
/* End PBXResourcesBuildPhase section */

/* Begin PBXSourcesBuildPhase section */
		3702CCC52C76A7CB00037E72 /* Sources */ = {
			isa = PBXSourcesBuildPhase;
			buildActionMask = 2147483647;
			files = (
				3702CCE22C7777F700037E72 /* Component.swift in Sources */,
				3702CCE02C77778C00037E72 /* Container.swift in Sources */,
				3702CCE42C77876100037E72 /* Bridge.swift in Sources */,
				3702CCCF2C76A7CB00037E72 /* Root.swift in Sources */,
				372D1B592C77EF3500589EB2 /* Constants.swift in Sources */,
				3702CCCD2C76A7CB00037E72 /* Main.swift in Sources */,
				3B7E64F92C7A1C1F00EBB252 /* Shared.swift in Sources */,
				3B449DF32C7ACB6700F68EBA /* Divider.swift in Sources */,
				3702CCDE2C77773100037E72 /* Label.swift in Sources */,
				3B7E64FB2C7A5A5200EBB252 /* Space.swift in Sources */,
			);
			runOnlyForDeploymentPostprocessing = 0;
		};
/* End PBXSourcesBuildPhase section */

/* Begin XCBuildConfiguration section */
		3702CCD62C76A7CD00037E72 /* Debug */ = {
			isa = XCBuildConfiguration;
			buildSettings = {
				ALWAYS_SEARCH_USER_PATHS = NO;
				ASSETCATALOG_COMPILER_GENERATE_SWIFT_ASSET_SYMBOL_EXTENSIONS = YES;
				CLANG_ANALYZER_NONNULL = YES;
				CLANG_ANALYZER_NUMBER_OBJECT_CONVERSION = YES_AGGRESSIVE;
				CLANG_CXX_LANGUAGE_STANDARD = "gnu++20";
				CLANG_ENABLE_MODULES = YES;
				CLANG_ENABLE_OBJC_ARC = YES;
				CLANG_ENABLE_OBJC_WEAK = YES;
				CLANG_WARN_BLOCK_CAPTURE_AUTORELEASING = YES;
				CLANG_WARN_BOOL_CONVERSION = YES;
				CLANG_WARN_COMMA = YES;
				CLANG_WARN_CONSTANT_CONVERSION = YES;
				CLANG_WARN_DEPRECATED_OBJC_IMPLEMENTATIONS = YES;
				CLANG_WARN_DIRECT_OBJC_ISA_USAGE = YES_ERROR;
				CLANG_WARN_DOCUMENTATION_COMMENTS = YES;
				CLANG_WARN_EMPTY_BODY = YES;
				CLANG_WARN_ENUM_CONVERSION = YES;
				CLANG_WARN_INFINITE_RECURSION = YES;
				CLANG_WARN_INT_CONVERSION = YES;
				CLANG_WARN_NON_LITERAL_NULL_CONVERSION = YES;
				CLANG_WARN_OBJC_IMPLICIT_RETAIN_SELF = YES;
				CLANG_WARN_OBJC_LITERAL_CONVERSION = YES;
				CLANG_WARN_OBJC_ROOT_CLASS = YES_ERROR;
				CLANG_WARN_QUOTED_INCLUDE_IN_FRAMEWORK_HEADER = YES;
				CLANG_WARN_RANGE_LOOP_ANALYSIS = YES;
				CLANG_WARN_STRICT_PROTOTYPES = YES;
				CLANG_WARN_SUSPICIOUS_MOVE = YES;
				CLANG_WARN_UNGUARDED_AVAILABILITY = YES_AGGRESSIVE;
				CLANG_WARN_UNREACHABLE_CODE = YES;
				CLANG_WARN__DUPLICATE_METHOD_MATCH = YES;
				COPY_PHASE_STRIP = NO;
				DEBUG_INFORMATION_FORMAT = dwarf;
				ENABLE_STRICT_OBJC_MSGSEND = YES;
				ENABLE_TESTABILITY = YES;
				ENABLE_USER_SCRIPT_SANDBOXING = YES;
				GCC_C_LANGUAGE_STANDARD = gnu17;
				GCC_DYNAMIC_NO_PIC = NO;
				GCC_NO_COMMON_BLOCKS = YES;
				GCC_OPTIMIZATION_LEVEL = 0;
				GCC_PREPROCESSOR_DEFINITIONS = (
					"DEBUG=1",
					"$(inherited)",
				);
				GCC_WARN_64_TO_32_BIT_CONVERSION = YES;
				GCC_WARN_ABOUT_RETURN_TYPE = YES_ERROR;
				GCC_WARN_UNDECLARED_SELECTOR = YES;
				GCC_WARN_UNINITIALIZED_AUTOS = YES_AGGRESSIVE;
				GCC_WARN_UNUSED_FUNCTION = YES;
				GCC_WARN_UNUSED_VARIABLE = YES;
				LOCALIZATION_PREFERS_STRING_CATALOGS = YES;
				MTL_ENABLE_DEBUG_INFO = INCLUDE_SOURCE;
				MTL_FAST_MATH = YES;
				ONLY_ACTIVE_ARCH = YES;
				SWIFT_ACTIVE_COMPILATION_CONDITIONS = "DEBUG $(inherited)";
				SWIFT_OPTIMIZATION_LEVEL = "-Onone";
			};
			name = Debug;
		};
		3702CCD72C76A7CD00037E72 /* Release */ = {
			isa = XCBuildConfiguration;
			buildSettings = {
				ALWAYS_SEARCH_USER_PATHS = NO;
				ASSETCATALOG_COMPILER_GENERATE_SWIFT_ASSET_SYMBOL_EXTENSIONS = YES;
				CLANG_ANALYZER_NONNULL = YES;
				CLANG_ANALYZER_NUMBER_OBJECT_CONVERSION = YES_AGGRESSIVE;
				CLANG_CXX_LANGUAGE_STANDARD = "gnu++20";
				CLANG_ENABLE_MODULES = YES;
				CLANG_ENABLE_OBJC_ARC = YES;
				CLANG_ENABLE_OBJC_WEAK = YES;
				CLANG_WARN_BLOCK_CAPTURE_AUTORELEASING = YES;
				CLANG_WARN_BOOL_CONVERSION = YES;
				CLANG_WARN_COMMA = YES;
				CLANG_WARN_CONSTANT_CONVERSION = YES;
				CLANG_WARN_DEPRECATED_OBJC_IMPLEMENTATIONS = YES;
				CLANG_WARN_DIRECT_OBJC_ISA_USAGE = YES_ERROR;
				CLANG_WARN_DOCUMENTATION_COMMENTS = YES;
				CLANG_WARN_EMPTY_BODY = YES;
				CLANG_WARN_ENUM_CONVERSION = YES;
				CLANG_WARN_INFINITE_RECURSION = YES;
				CLANG_WARN_INT_CONVERSION = YES;
				CLANG_WARN_NON_LITERAL_NULL_CONVERSION = YES;
				CLANG_WARN_OBJC_IMPLICIT_RETAIN_SELF = YES;
				CLANG_WARN_OBJC_LITERAL_CONVERSION = YES;
				CLANG_WARN_OBJC_ROOT_CLASS = YES_ERROR;
				CLANG_WARN_QUOTED_INCLUDE_IN_FRAMEWORK_HEADER = YES;
				CLANG_WARN_RANGE_LOOP_ANALYSIS = YES;
				CLANG_WARN_STRICT_PROTOTYPES = YES;
				CLANG_WARN_SUSPICIOUS_MOVE = YES;
				CLANG_WARN_UNGUARDED_AVAILABILITY = YES_AGGRESSIVE;
				CLANG_WARN_UNREACHABLE_CODE = YES;
				CLANG_WARN__DUPLICATE_METHOD_MATCH = YES;
				COPY_PHASE_STRIP = NO;
				DEBUG_INFORMATION_FORMAT = "dwarf-with-dsym";
				ENABLE_NS_ASSERTIONS = NO;
				ENABLE_STRICT_OBJC_MSGSEND = YES;
				ENABLE_USER_SCRIPT_SANDBOXING = YES;
				GCC_C_LANGUAGE_STANDARD = gnu17;
				GCC_NO_COMMON_BLOCKS = YES;
				GCC_WARN_64_TO_32_BIT_CONVERSION = YES;
				GCC_WARN_ABOUT_RETURN_TYPE = YES_ERROR;
				GCC_WARN_UNDECLARED_SELECTOR = YES;
				GCC_WARN_UNINITIALIZED_AUTOS = YES_AGGRESSIVE;
				GCC_WARN_UNUSED_FUNCTION = YES;
				GCC_WARN_UNUSED_VARIABLE = YES;
				LOCALIZATION_PREFERS_STRING_CATALOGS = YES;
				MTL_ENABLE_DEBUG_INFO = NO;
				MTL_FAST_MATH = YES;
				SWIFT_COMPILATION_MODE = wholemodule;
			};
			name = Release;
		};
		3702CCD92C76A7CD00037E72 /* Debug */ = {
			isa = XCBuildConfiguration;
			buildSettings = {
				ASSETCATALOG_COMPILER_APPICON_NAME = AppIcon;
				ASSETCATALOG_COMPILER_GLOBAL_ACCENT_COLOR_NAME = AccentColor;
				ASSETCATALOG_COMPILER_INCLUDE_ALL_APPICON_ASSETS = NO;
				CODE_SIGN_ENTITLEMENTS = ObjectionApp/ObjectionApp.entitlements;
				CODE_SIGN_STYLE = Automatic;
				CURRENT_PROJECT_VERSION = 1;
				DEVELOPMENT_ASSET_PATHS = "\"ObjectionApp/Preview Content\"";
				DEVELOPMENT_TEAM = XNLDC5TLC3;
				ENABLE_HARDENED_RUNTIME = YES;
				ENABLE_PREVIEWS = YES;
				GENERATE_INFOPLIST_FILE = YES;
				INFOPLIST_FILE = ObjectionApp/Info.plist;
				INFOPLIST_KEY_CFBundleDisplayName = ObjectionName;
				"INFOPLIST_KEY_UIApplicationSceneManifest_Generation[sdk=iphoneos*]" = YES;
				"INFOPLIST_KEY_UIApplicationSceneManifest_Generation[sdk=iphonesimulator*]" = YES;
				"INFOPLIST_KEY_UIApplicationSupportsIndirectInputEvents[sdk=iphoneos*]" = YES;
				"INFOPLIST_KEY_UIApplicationSupportsIndirectInputEvents[sdk=iphonesimulator*]" = YES;
				"INFOPLIST_KEY_UILaunchScreen_Generation[sdk=iphoneos*]" = YES;
				"INFOPLIST_KEY_UILaunchScreen_Generation[sdk=iphonesimulator*]" = YES;
				INFOPLIST_KEY_UILaunchStoryboardName = LaunchScreen.storyboard;
				"INFOPLIST_KEY_UIStatusBarStyle[sdk=iphoneos*]" = UIStatusBarStyleDefault;
				"INFOPLIST_KEY_UIStatusBarStyle[sdk=iphonesimulator*]" = UIStatusBarStyleDefault;
				INFOPLIST_KEY_UISupportedInterfaceOrientations_iPad = "UIInterfaceOrientationPortrait UIInterfaceOrientationPortraitUpsideDown UIInterfaceOrientationLandscapeLeft UIInterfaceOrientationLandscapeRight";
				INFOPLIST_KEY_UISupportedInterfaceOrientations_iPhone = "UIInterfaceOrientationPortrait UIInterfaceOrientationLandscapeLeft UIInterfaceOrientationLandscapeRight";
				IPHONEOS_DEPLOYMENT_TARGET = 17.5;
				LD_RUNPATH_SEARCH_PATHS = "@executable_path/Frameworks";
				"LD_RUNPATH_SEARCH_PATHS[sdk=macosx*]" = "@executable_path/../Frameworks";
				MACOSX_DEPLOYMENT_TARGET = 14.5;
				MARKETING_VERSION = 1.0;
				PRODUCT_BUNDLE_IDENTIFIER = "com.example.objection-app";
				PRODUCT_NAME = "$(TARGET_NAME)";
				SDKROOT = auto;
				SUPPORTED_PLATFORMS = "iphoneos iphonesimulator macosx";
				SWIFT_EMIT_LOC_STRINGS = YES;
				SWIFT_VERSION = 5.0;
				TARGETED_DEVICE_FAMILY = "1,2";
			};
			name = Debug;
		};
		3702CCDA2C76A7CD00037E72 /* Release */ = {
			isa = XCBuildConfiguration;
			buildSettings = {
				ASSETCATALOG_COMPILER_APPICON_NAME = AppIcon;
				ASSETCATALOG_COMPILER_GLOBAL_ACCENT_COLOR_NAME = AccentColor;
				ASSETCATALOG_COMPILER_INCLUDE_ALL_APPICON_ASSETS = NO;
				CODE_SIGN_ENTITLEMENTS = ObjectionApp/ObjectionApp.entitlements;
				CODE_SIGN_STYLE = Automatic;
				CURRENT_PROJECT_VERSION = 1;
				DEVELOPMENT_ASSET_PATHS = "\"ObjectionApp/Preview Content\"";
				DEVELOPMENT_TEAM = XNLDC5TLC3;
				ENABLE_HARDENED_RUNTIME = YES;
				ENABLE_PREVIEWS = YES;
				GENERATE_INFOPLIST_FILE = YES;
				INFOPLIST_FILE = ObjectionApp/Info.plist;
				INFOPLIST_KEY_CFBundleDisplayName = ObjectionName;
				"INFOPLIST_KEY_UIApplicationSceneManifest_Generation[sdk=iphoneos*]" = YES;
				"INFOPLIST_KEY_UIApplicationSceneManifest_Generation[sdk=iphonesimulator*]" = YES;
				"INFOPLIST_KEY_UIApplicationSupportsIndirectInputEvents[sdk=iphoneos*]" = YES;
				"INFOPLIST_KEY_UIApplicationSupportsIndirectInputEvents[sdk=iphonesimulator*]" = YES;
				"INFOPLIST_KEY_UILaunchScreen_Generation[sdk=iphoneos*]" = YES;
				"INFOPLIST_KEY_UILaunchScreen_Generation[sdk=iphonesimulator*]" = YES;
				INFOPLIST_KEY_UILaunchStoryboardName = LaunchScreen.storyboard;
				"INFOPLIST_KEY_UIStatusBarStyle[sdk=iphoneos*]" = UIStatusBarStyleDefault;
				"INFOPLIST_KEY_UIStatusBarStyle[sdk=iphonesimulator*]" = UIStatusBarStyleDefault;
				INFOPLIST_KEY_UISupportedInterfaceOrientations_iPad = "UIInterfaceOrientationPortrait UIInterfaceOrientationPortraitUpsideDown UIInterfaceOrientationLandscapeLeft UIInterfaceOrientationLandscapeRight";
				INFOPLIST_KEY_UISupportedInterfaceOrientations_iPhone = "UIInterfaceOrientationPortrait UIInterfaceOrientationLandscapeLeft UIInterfaceOrientationLandscapeRight";
				IPHONEOS_DEPLOYMENT_TARGET = 17.5;
				LD_RUNPATH_SEARCH_PATHS = "@executable_path/Frameworks";
				"LD_RUNPATH_SEARCH_PATHS[sdk=macosx*]" = "@executable_path/../Frameworks";
				MACOSX_DEPLOYMENT_TARGET = 14.5;
				MARKETING_VERSION = 1.0;
				PRODUCT_BUNDLE_IDENTIFIER = "com.example.objection-app";
				PRODUCT_NAME = "$(TARGET_NAME)";
				SDKROOT = auto;
				SUPPORTED_PLATFORMS = "iphoneos iphonesimulator macosx";
				SWIFT_EMIT_LOC_STRINGS = YES;
				SWIFT_VERSION = 5.0;
				TARGETED_DEVICE_FAMILY = "1,2";
			};
			name = Release;
		};
/* End XCBuildConfiguration section */

/* Begin XCConfigurationList section */
		3702CCC42C76A7CB00037E72 /* Build configuration list for PBXProject "ObjectionApp" */ = {
			isa = XCConfigurationList;
			buildConfigurations = (
				3702CCD62C76A7CD00037E72 /* Debug */,
				3702CCD72C76A7CD00037E72 /* Release */,
			);
			defaultConfigurationIsVisible = 0;
			defaultConfigurationName = Release;
		};
		3702CCD82C76A7CD00037E72 /* Build configuration list for PBXNativeTarget "ObjectionApp" */ = {
			isa = XCConfigurationList;
			buildConfigurations = (
				3702CCD92C76A7CD00037E72 /* Debug */,
				3702CCDA2C76A7CD00037E72 /* Release */,
			);
			defaultConfigurationIsVisible = 0;
			defaultConfigurationName = Release;
		};
/* End XCConfigurationList section */
	};
	rootObject = 3702CCC12C76A7CB00037E72 /* Project object */;
}
